
Microsoft Visual Studio Solution File, Format Version 12.00
# Visual Studio 15
VisualStudioVersion = 15.0.27703.2000
MinimumVisualStudioVersion = 10.0.40219.1
Project("{9A19103F-16F7-4668-BE54-9A1E7A4F7556}") = "RollingWindow", "RollingWindow\RollingWindow.csproj", "{B188E8C2-BA4F-40D0-8F2F-EBCDA831C22C}"
EndProject
Project("{9A19103F-16F7-4668-BE54-9A1E7A4F7556}") = "RollingWindow.Test", "RollingWindow.Test\RollingWindow.Test.csproj", "{99035C0B-49C5-4647-B757-3579A0C40AA2}"
EndProject
Project("{2150E333-8FDC-42A3-9474-1A3956D46DE8}") = "Solution Items", "Solution Items", "{F6FA2735-A566-425B-B462-4011489897FD}"
	ProjectSection(SolutionItems) = preProject
		appveyor.yml = appveyor.yml
		README.md = README.md
	EndProjectSection
EndProject
Global
	GlobalSection(SolutionConfigurationPlatforms) = preSolution
		Debug|Any CPU = Debug|Any CPU
		Release|Any CPU = Release|Any CPU
	EndGlobalSection
	GlobalSection(ProjectConfigurationPlatforms) = postSolution
		{B188E8C2-BA4F-40D0-8F2F-EBCDA831C22C}.Debug|Any CPU.ActiveCfg = Debug|Any CPU
		{B188E8C2-BA4F-40D0-8F2F-EBCDA831C22C}.Debug|Any CPU.Build.0 = Debug|Any CPU
		{B188E8C2-BA4F-40D0-8F2F-EBCDA831C22C}.Release|Any CPU.ActiveCfg = Release|Any CPU
		{B188E8C2-BA4F-40D0-8F2F-EBCDA831C22C}.Release|Any CPU.Build.0 = Release|Any CPU
		{99035C0B-49C5-4647-B757-3579A0C40AA2}.Debug|Any CPU.ActiveCfg = Debug|Any CPU
		{99035C0B-49C5-4647-B757-3579A0C40AA2}.Debug|Any CPU.Build.0 = Debug|Any CPU
		{99035C0B-49C5-4647-B757-3579A0C40AA2}.Release|Any CPU.ActiveCfg = Release|Any CPU
		{99035C0B-49C5-4647-B757-3579A0C40AA2}.Release|Any CPU.Build.0 = Release|Any CPU
	EndGlobalSection
	GlobalSection(SolutionProperties) = preSolution
		HideSolutionNode = FALSE
	EndGlobalSection
	GlobalSection(ExtensibilityGlobals) = postSolution
		SolutionGuid = {0E68215D-EBFC-4A84-BAD9-527CCA78E651}
	EndGlobalSection
EndGlobal
